
Microsoft Visual Studio Solution File, Format Version 12.00
# Visual Studio Version 16
VisualStudioVersion = 16.0.29009.5
MinimumVisualStudioVersion = 10.0.40219.1
Project("{FAE04EC0-301F-11D3-BF4B-00C04F79EFBC}") = "LibraryManagementCore", "LibraryManagementCore\LibraryManagementCore.csproj", "{06B0A40A-BDEB-4582-A42D-AB03AC4201DB}"
EndProject
Project("{FAE04EC0-301F-11D3-BF4B-00C04F79EFBC}") = "Base.Architecture.UserManagement", "UserManagement\Base.Architecture.UserManagement.csproj", "{CC19EA3F-4C24-447E-BC87-6D66557A8B5F}"
EndProject
Project("{FAE04EC0-301F-11D3-BF4B-00C04F79EFBC}") = "Library.Management.Core.Tests", "Library.Management.Core.Tests\Library.Management.Core.Tests.csproj", "{4A927536-EFB5-457E-A6E3-CCA77E66CF06}"
EndProject
Project("{FAE04EC0-301F-11D3-BF4B-00C04F79EFBC}") = "Base.Architecture.DatabaseManager", "Base.Architecture.DatabaseManager\Base.Architecture.DatabaseManager.csproj", "{BF6F4DB2-1EC7-4E83-8CF8-A2094A7194E1}"
EndProject
Project("{FAE04EC0-301F-11D3-BF4B-00C04F79EFBC}") = "Base.Architecture.Logger", "Base.Architecture.Logger\Base.Architecture.Logger.csproj", "{B0E040E3-D40D-4017-94DC-00F59DBD9D80}"
EndProject
Project("{FAE04EC0-301F-11D3-BF4B-00C04F79EFBC}") = "Base.Architecture.Tests", "Base.Architecture.Tests\Base.Architecture.Tests.csproj", "{BC18FAD8-31FA-4806-A80D-379304A86C0C}"
EndProject
Global
	GlobalSection(SolutionConfigurationPlatforms) = preSolution
		Debug|Any CPU = Debug|Any CPU
		Release|Any CPU = Release|Any CPU
	EndGlobalSection
	GlobalSection(ProjectConfigurationPlatforms) = postSolution
		{06B0A40A-BDEB-4582-A42D-AB03AC4201DB}.Debug|Any CPU.ActiveCfg = Debug|Any CPU
		{06B0A40A-BDEB-4582-A42D-AB03AC4201DB}.Debug|Any CPU.Build.0 = Debug|Any CPU
		{06B0A40A-BDEB-4582-A42D-AB03AC4201DB}.Release|Any CPU.ActiveCfg = Release|Any CPU
		{06B0A40A-BDEB-4582-A42D-AB03AC4201DB}.Release|Any CPU.Build.0 = Release|Any CPU
		{CC19EA3F-4C24-447E-BC87-6D66557A8B5F}.Debug|Any CPU.ActiveCfg = Debug|Any CPU
		{CC19EA3F-4C24-447E-BC87-6D66557A8B5F}.Debug|Any CPU.Build.0 = Debug|Any CPU
		{CC19EA3F-4C24-447E-BC87-6D66557A8B5F}.Release|Any CPU.ActiveCfg = Release|Any CPU
		{CC19EA3F-4C24-447E-BC87-6D66557A8B5F}.Release|Any CPU.Build.0 = Release|Any CPU
		{4A927536-EFB5-457E-A6E3-CCA77E66CF06}.Debug|Any CPU.ActiveCfg = Debug|Any CPU
		{4A927536-EFB5-457E-A6E3-CCA77E66CF06}.Debug|Any CPU.Build.0 = Debug|Any CPU
		{4A927536-EFB5-457E-A6E3-CCA77E66CF06}.Release|Any CPU.ActiveCfg = Release|Any CPU
		{4A927536-EFB5-457E-A6E3-CCA77E66CF06}.Release|Any CPU.Build.0 = Release|Any CPU
		{BF6F4DB2-1EC7-4E83-8CF8-A2094A7194E1}.Debug|Any CPU.ActiveCfg = Debug|Any CPU
		{BF6F4DB2-1EC7-4E83-8CF8-A2094A7194E1}.Debug|Any CPU.Build.0 = Debug|Any CPU
		{BF6F4DB2-1EC7-4E83-8CF8-A2094A7194E1}.Release|Any CPU.ActiveCfg = Release|Any CPU
		{BF6F4DB2-1EC7-4E83-8CF8-A2094A7194E1}.Release|Any CPU.Build.0 = Release|Any CPU
		{B0E040E3-D40D-4017-94DC-00F59DBD9D80}.Debug|Any CPU.ActiveCfg = Debug|Any CPU
		{B0E040E3-D40D-4017-94DC-00F59DBD9D80}.Debug|Any CPU.Build.0 = Debug|Any CPU
		{B0E040E3-D40D-4017-94DC-00F59DBD9D80}.Release|Any CPU.ActiveCfg = Release|Any CPU
		{B0E040E3-D40D-4017-94DC-00F59DBD9D80}.Release|Any CPU.Build.0 = Release|Any CPU
		{BC18FAD8-31FA-4806-A80D-379304A86C0C}.Debug|Any CPU.ActiveCfg = Debug|Any CPU
		{BC18FAD8-31FA-4806-A80D-379304A86C0C}.Debug|Any CPU.Build.0 = Debug|Any CPU
		{BC18FAD8-31FA-4806-A80D-379304A86C0C}.Release|Any CPU.ActiveCfg = Release|Any CPU
		{BC18FAD8-31FA-4806-A80D-379304A86C0C}.Release|Any CPU.Build.0 = Release|Any CPU
	EndGlobalSection
	GlobalSection(SolutionProperties) = preSolution
		HideSolutionNode = FALSE
	EndGlobalSection
	GlobalSection(ExtensibilityGlobals) = postSolution
		SolutionGuid = {BC37D785-F649-4E1B-A74C-0F89344C2E8B}
	EndGlobalSection
EndGlobal
